
Microsoft Visual Studio Solution File, Format Version 12.00
# Visual Studio Version 17
VisualStudioVersion = 17.7.34024.191
MinimumVisualStudioVersion = 10.0.40219.1
Project("{FAE04EC0-301F-11D3-BF4B-00C04F79EFBC}") = "P02_Divisores", "P02_Divisores.csproj", "{29521820-4C98-4303-B643-324DC54FC901}"
EndProject
Global
	GlobalSection(SolutionConfigurationPlatforms) = preSolution
		Debug|Any CPU = Debug|Any CPU
		Release|Any CPU = Release|Any CPU
	EndGlobalSection
	GlobalSection(ProjectConfigurationPlatforms) = postSolution
		{29521820-4C98-4303-B643-324DC54FC901}.Debug|Any CPU.ActiveCfg = Debug|Any CPU
		{29521820-4C98-4303-B643-324DC54FC901}.Debug|Any CPU.Build.0 = Debug|Any CPU
		{29521820-4C98-4303-B643-324DC54FC901}.Release|Any CPU.ActiveCfg = Release|Any CPU
		{29521820-4C98-4303-B643-324DC54FC901}.Release|Any CPU.Build.0 = Release|Any CPU
	EndGlobalSection
	GlobalSection(SolutionProperties) = preSolution
		HideSolutionNode = FALSE
	EndGlobalSection
	GlobalSection(ExtensibilityGlobals) = postSolution
		SolutionGuid = {C06379F7-A1BD-4D03-9E72-4525792658DE}
	EndGlobalSection
EndGlobal
